
Microsoft Visual Studio Solution File, Format Version 12.00
# Visual Studio Version 16
VisualStudioVersion = 16.0.30114.105
MinimumVisualStudioVersion = 10.0.40219.1
Project("{FAE04EC0-301F-11D3-BF4B-00C04F79EFBC}") = "src", "src\src.csproj", "{33520BAE-59F2-4DFF-997A-1AECF5567053}"
EndProject
Project("{2150E333-8FDC-42A3-9474-1A3956D46DE8}") = "test", "test", "{7507BC64-E846-49CB-9B9D-BC152C7F5A8A}"
EndProject
Project("{FAE04EC0-301F-11D3-BF4B-00C04F79EFBC}") = "shops.tests", "test\shops.tests\shops.tests.csproj", "{F9707D97-BA6B-4763-BE2D-DE0766DAF9E1}"
EndProject
Global
	GlobalSection(SolutionConfigurationPlatforms) = preSolution
		Debug|Any CPU = Debug|Any CPU
		Debug|x64 = Debug|x64
		Debug|x86 = Debug|x86
		Release|Any CPU = Release|Any CPU
		Release|x64 = Release|x64
		Release|x86 = Release|x86
	EndGlobalSection
	GlobalSection(SolutionProperties) = preSolution
		HideSolutionNode = FALSE
	EndGlobalSection
	GlobalSection(ProjectConfigurationPlatforms) = postSolution
		{33520BAE-59F2-4DFF-997A-1AECF5567053}.Debug|Any CPU.ActiveCfg = Debug|Any CPU
		{33520BAE-59F2-4DFF-997A-1AECF5567053}.Debug|Any CPU.Build.0 = Debug|Any CPU
		{33520BAE-59F2-4DFF-997A-1AECF5567053}.Debug|x64.ActiveCfg = Debug|Any CPU
		{33520BAE-59F2-4DFF-997A-1AECF5567053}.Debug|x64.Build.0 = Debug|Any CPU
		{33520BAE-59F2-4DFF-997A-1AECF5567053}.Debug|x86.ActiveCfg = Debug|Any CPU
		{33520BAE-59F2-4DFF-997A-1AECF5567053}.Debug|x86.Build.0 = Debug|Any CPU
		{33520BAE-59F2-4DFF-997A-1AECF5567053}.Release|Any CPU.ActiveCfg = Release|Any CPU
		{33520BAE-59F2-4DFF-997A-1AECF5567053}.Release|Any CPU.Build.0 = Release|Any CPU
		{33520BAE-59F2-4DFF-997A-1AECF5567053}.Release|x64.ActiveCfg = Release|Any CPU
		{33520BAE-59F2-4DFF-997A-1AECF5567053}.Release|x64.Build.0 = Release|Any CPU
		{33520BAE-59F2-4DFF-997A-1AECF5567053}.Release|x86.ActiveCfg = Release|Any CPU
		{33520BAE-59F2-4DFF-997A-1AECF5567053}.Release|x86.Build.0 = Release|Any CPU
		{F9707D97-BA6B-4763-BE2D-DE0766DAF9E1}.Debug|Any CPU.ActiveCfg = Debug|Any CPU
		{F9707D97-BA6B-4763-BE2D-DE0766DAF9E1}.Debug|Any CPU.Build.0 = Debug|Any CPU
		{F9707D97-BA6B-4763-BE2D-DE0766DAF9E1}.Debug|x64.ActiveCfg = Debug|Any CPU
		{F9707D97-BA6B-4763-BE2D-DE0766DAF9E1}.Debug|x64.Build.0 = Debug|Any CPU
		{F9707D97-BA6B-4763-BE2D-DE0766DAF9E1}.Debug|x86.ActiveCfg = Debug|Any CPU
		{F9707D97-BA6B-4763-BE2D-DE0766DAF9E1}.Debug|x86.Build.0 = Debug|Any CPU
		{F9707D97-BA6B-4763-BE2D-DE0766DAF9E1}.Release|Any CPU.ActiveCfg = Release|Any CPU
		{F9707D97-BA6B-4763-BE2D-DE0766DAF9E1}.Release|Any CPU.Build.0 = Release|Any CPU
		{F9707D97-BA6B-4763-BE2D-DE0766DAF9E1}.Release|x64.ActiveCfg = Release|Any CPU
		{F9707D97-BA6B-4763-BE2D-DE0766DAF9E1}.Release|x64.Build.0 = Release|Any CPU
		{F9707D97-BA6B-4763-BE2D-DE0766DAF9E1}.Release|x86.ActiveCfg = Release|Any CPU
		{F9707D97-BA6B-4763-BE2D-DE0766DAF9E1}.Release|x86.Build.0 = Release|Any CPU
	EndGlobalSection
	GlobalSection(NestedProjects) = preSolution
		{F9707D97-BA6B-4763-BE2D-DE0766DAF9E1} = {7507BC64-E846-49CB-9B9D-BC152C7F5A8A}
	EndGlobalSection
EndGlobal
